
Microsoft Visual Studio Solution File, Format Version 12.00
# Visual Studio Version 16
VisualStudioVersion = 16.0.30011.22
MinimumVisualStudioVersion = 10.0.40219.1
Project("{FAE04EC0-301F-11D3-BF4B-00C04F79EFBC}") = "TravelAgencyFirstShot", "TravelAgencyFirstShot\TravelAgencyFirstShot.csproj", "{21321CA4-C3F0-48AA-AC81-302C46497033}"
EndProject
Project("{FAE04EC0-301F-11D3-BF4B-00C04F79EFBC}") = "TravelAgencyFirstShot.Core", "TravelAgencyFirstShot.Core\TravelAgencyFirstShot.Core.csproj", "{3DB72D23-3896-4CEC-A92A-77C08453AB73}"
EndProject
Global
	GlobalSection(SolutionConfigurationPlatforms) = preSolution
		Debug|Any CPU = Debug|Any CPU
		Release|Any CPU = Release|Any CPU
	EndGlobalSection
	GlobalSection(ProjectConfigurationPlatforms) = postSolution
		{21321CA4-C3F0-48AA-AC81-302C46497033}.Debug|Any CPU.ActiveCfg = Debug|Any CPU
		{21321CA4-C3F0-48AA-AC81-302C46497033}.Debug|Any CPU.Build.0 = Debug|Any CPU
		{21321CA4-C3F0-48AA-AC81-302C46497033}.Release|Any CPU.ActiveCfg = Release|Any CPU
		{21321CA4-C3F0-48AA-AC81-302C46497033}.Release|Any CPU.Build.0 = Release|Any CPU
		{3DB72D23-3896-4CEC-A92A-77C08453AB73}.Debug|Any CPU.ActiveCfg = Debug|Any CPU
		{3DB72D23-3896-4CEC-A92A-77C08453AB73}.Debug|Any CPU.Build.0 = Debug|Any CPU
		{3DB72D23-3896-4CEC-A92A-77C08453AB73}.Release|Any CPU.ActiveCfg = Release|Any CPU
		{3DB72D23-3896-4CEC-A92A-77C08453AB73}.Release|Any CPU.Build.0 = Release|Any CPU
	EndGlobalSection
	GlobalSection(SolutionProperties) = preSolution
		HideSolutionNode = FALSE
	EndGlobalSection
	GlobalSection(ExtensibilityGlobals) = postSolution
		SolutionGuid = {2ABA2B4D-3852-4C0F-B039-6B48829A4F51}
	EndGlobalSection
EndGlobal
